
Microsoft Visual Studio Solution File, Format Version 12.00
# Visual Studio Version 16
VisualStudioVersion = 16.0.29519.87
MinimumVisualStudioVersion = 10.0.40219.1
Project("{FAE04EC0-301F-11D3-BF4B-00C04F79EFBC}") = "61.uzd ToDo", "61.uzd ToDo\61.uzd ToDo.csproj", "{5D7D4A03-AF80-4A14-A189-BA46295E4D62}"
EndProject
Global
	GlobalSection(SolutionConfigurationPlatforms) = preSolution
		Debug|Any CPU = Debug|Any CPU
		Release|Any CPU = Release|Any CPU
	EndGlobalSection
	GlobalSection(ProjectConfigurationPlatforms) = postSolution
		{5D7D4A03-AF80-4A14-A189-BA46295E4D62}.Debug|Any CPU.ActiveCfg = Debug|Any CPU
		{5D7D4A03-AF80-4A14-A189-BA46295E4D62}.Debug|Any CPU.Build.0 = Debug|Any CPU
		{5D7D4A03-AF80-4A14-A189-BA46295E4D62}.Release|Any CPU.ActiveCfg = Release|Any CPU
		{5D7D4A03-AF80-4A14-A189-BA46295E4D62}.Release|Any CPU.Build.0 = Release|Any CPU
	EndGlobalSection
	GlobalSection(SolutionProperties) = preSolution
		HideSolutionNode = FALSE
	EndGlobalSection
	GlobalSection(ExtensibilityGlobals) = postSolution
		SolutionGuid = {FEBFBCC9-4917-4002-9FC3-5F7C216C3A86}
	EndGlobalSection
EndGlobal
